// !$*UTF8*$!
{
	archiveVersion = 1;
	classes = {
	};
	objectVersion = 50;
	objects = {

/* Begin PBXBuildFile section */
		0EEAD2D24C00137A0E58540E /* Pods_FirebaseClass.framework in Frameworks */ = {isa = PBXBuildFile; fileRef = 4BD44EAD37EEDCB4DE04BB75 /* Pods_FirebaseClass.framework */; };
		B45B529724D9402500D02F45 /* AppDelegate.swift in Sources */ = {isa = PBXBuildFile; fileRef = B45B529624D9402500D02F45 /* AppDelegate.swift */; };
		B45B529924D9402500D02F45 /* SceneDelegate.swift in Sources */ = {isa = PBXBuildFile; fileRef = B45B529824D9402500D02F45 /* SceneDelegate.swift */; };
		B45B529B24D9402500D02F45 /* ViewController.swift in Sources */ = {isa = PBXBuildFile; fileRef = B45B529A24D9402500D02F45 /* ViewController.swift */; };
		B45B529E24D9402500D02F45 /* Main.storyboard in Resources */ = {isa = PBXBuildFile; fileRef = B45B529C24D9402500D02F45 /* Main.storyboard */; };
		B45B52A024D9402600D02F45 /* Assets.xcassets in Resources */ = {isa = PBXBuildFile; fileRef = B45B529F24D9402600D02F45 /* Assets.xcassets */; };
		B45B52A324D9402600D02F45 /* LaunchScreen.storyboard in Resources */ = {isa = PBXBuildFile; fileRef = B45B52A124D9402600D02F45 /* LaunchScreen.storyboard */; };
/* End PBXBuildFile section */

/* Begin PBXFileReference section */
		3B1704DBF32F9D9F13C5DFF6 /* Pods-FirebaseClass.release.xcconfig */ = {isa = PBXFileReference; includeInIndex = 1; lastKnownFileType = text.xcconfig; name = "Pods-FirebaseClass.release.xcconfig"; path = "Target Support Files/Pods-FirebaseClass/Pods-FirebaseClass.release.xcconfig"; sourceTree = "<group>"; };
		4BD44EAD37EEDCB4DE04BB75 /* Pods_FirebaseClass.framework */ = {isa = PBXFileReference; explicitFileType = wrapper.framework; includeInIndex = 0; path = Pods_FirebaseClass.framework; sourceTree = BUILT_PRODUCTS_DIR; };
		910E466343FB509933014F44 /* Pods-FirebaseClass.debug.xcconfig */ = {isa = PBXFileReference; includeInIndex = 1; lastKnownFileType = text.xcconfig; name = "Pods-FirebaseClass.debug.xcconfig"; path = "Target Support Files/Pods-FirebaseClass/Pods-FirebaseClass.debug.xcconfig"; sourceTree = "<group>"; };
		B45B529324D9402500D02F45 /* FirebaseClass.app */ = {isa = PBXFileReference; explicitFileType = wrapper.application; includeInIndex = 0; path = FirebaseClass.app; sourceTree = BUILT_PRODUCTS_DIR; };
		B45B529624D9402500D02F45 /* AppDelegate.swift */ = {isa = PBXFileReference; lastKnownFileType = sourcecode.swift; path = AppDelegate.swift; sourceTree = "<group>"; };
		B45B529824D9402500D02F45 /* SceneDelegate.swift */ = {isa = PBXFileReference; lastKnownFileType = sourcecode.swift; path = SceneDelegate.swift; sourceTree = "<group>"; };
		B45B529A24D9402500D02F45 /* ViewController.swift */ = {isa = PBXFileReference; lastKnownFileType = sourcecode.swift; path = ViewController.swift; sourceTree = "<group>"; };
		B45B529D24D9402500D02F45 /* Base */ = {isa = PBXFileReference; lastKnownFileType = file.storyboard; name = Base; path = Base.lproj/Main.storyboard; sourceTree = "<group>"; };
		B45B529F24D9402600D02F45 /* Assets.xcassets */ = {isa = PBXFileReference; lastKnownFileType = folder.assetcatalog; path = Assets.xcassets; sourceTree = "<group>"; };
		B45B52A224D9402600D02F45 /* Base */ = {isa = PBXFileReference; lastKnownFileType = file.storyboard; name = Base; path = Base.lproj/LaunchScreen.storyboard; sourceTree = "<group>"; };
		B45B52A424D9402600D02F45 /* Info.plist */ = {isa = PBXFileReference; lastKnownFileType = text.plist.xml; path = Info.plist; sourceTree = "<group>"; };
/* End PBXFileReference section */

/* Begin PBXFrameworksBuildPhase section */
		B45B529024D9402500D02F45 /* Frameworks */ = {
			isa = PBXFrameworksBuildPhase;
			buildActionMask = 2147483647;
			files = (
				0EEAD2D24C00137A0E58540E /* Pods_FirebaseClass.framework in Frameworks */,
			);
			runOnlyForDeploymentPostprocessing = 0;
		};
/* End PBXFrameworksBuildPhase section */

/* Begin PBXGroup section */
		7B8119DD06D1795578093618 /* Pods */ = {
			isa = PBXGroup;
			children = (
				910E466343FB509933014F44 /* Pods-FirebaseClass.debug.xcconfig */,
				3B1704DBF32F9D9F13C5DFF6 /* Pods-FirebaseClass.release.xcconfig */,
			);
			name = Pods;
			path = Pods;
			sourceTree = "<group>";
		};
		B45B528A24D9402500D02F45 = {
			isa = PBXGroup;
			children = (
				B45B529524D9402500D02F45 /* FirebaseClass */,
				B45B529424D9402500D02F45 /* Products */,
				7B8119DD06D1795578093618 /* Pods */,
				CC84DD0FFDB1D7CABD1C4707 /* Frameworks */,
			);
			sourceTree = "<group>";
		};
		B45B529424D9402500D02F45 /* Products */ = {
			isa = PBXGroup;
			children = (
				B45B529324D9402500D02F45 /* FirebaseClass.app */,
			);
			name = Products;
			sourceTree = "<group>";
		};
		B45B529524D9402500D02F45 /* FirebaseClass */ = {
			isa = PBXGroup;
			children = (
				B45B529624D9402500D02F45 /* AppDelegate.swift */,
				B45B529824D9402500D02F45 /* SceneDelegate.swift */,
				B45B529A24D9402500D02F45 /* ViewController.swift */,
				B45B529C24D9402500D02F45 /* Main.storyboard */,
				B45B529F24D9402600D02F45 /* Assets.xcassets */,
				B45B52A124D9402600D02F45 /* LaunchScreen.storyboard */,
				B45B52A424D9402600D02F45 /* Info.plist */,
			);
			path = FirebaseClass;
			sourceTree = "<group>";
		};
		CC84DD0FFDB1D7CABD1C4707 /* Frameworks */ = {
			isa = PBXGroup;
			children = (
				4BD44EAD37EEDCB4DE04BB75 /* Pods_FirebaseClass.framework */,
			);
			name = Frameworks;
			sourceTree = "<group>";
		};
/* End PBXGroup section */

/* Begin PBXNativeTarget section */
		B45B529224D9402500D02F45 /* FirebaseClass */ = {
			isa = PBXNativeTarget;
			buildConfigurationList = B45B52A724D9402600D02F45 /* Build configuration list for PBXNativeTarget "FirebaseClass" */;
			buildPhases = (
				3F8A024EA34AEA492CE822D6 /* [CP] Check Pods Manifest.lock */,
				B45B528F24D9402500D02F45 /* Sources */,
				B45B529024D9402500D02F45 /* Frameworks */,
				B45B529124D9402500D02F45 /* Resources */,
				1919225CD0B007A440629E5D /* [CP] Embed Pods Frameworks */,
			);
			buildRules = (
			);
			dependencies = (
			);
			name = FirebaseClass;
			productName = FirebaseClass;
			productReference = B45B529324D9402500D02F45 /* FirebaseClass.app */;
			productType = "com.apple.product-type.application";
		};
/* End PBXNativeTarget section */

/* Begin PBXProject section */
		B45B528B24D9402500D02F45 /* Project object */ = {
			isa = PBXProject;
			attributes = {
				LastSwiftUpdateCheck = 1150;
				LastUpgradeCheck = 1150;
				ORGANIZATIONNAME = DEAUX;
				TargetAttributes = {
					B45B529224D9402500D02F45 = {
						CreatedOnToolsVersion = 11.5;
					};
				};
			};
			buildConfigurationList = B45B528E24D9402500D02F45 /* Build configuration list for PBXProject "FirebaseClass" */;
			compatibilityVersion = "Xcode 9.3";
			developmentRegion = en;
			hasScannedForEncodings = 0;
			knownRegions = (
				en,
				Base,
			);
			mainGroup = B45B528A24D9402500D02F45;
			productRefGroup = B45B529424D9402500D02F45 /* Products */;
			projectDirPath = "";
			projectRoot = "";
			targets = (
				B45B529224D9402500D02F45 /* FirebaseClass */,
			);
		};
/* End PBXProject section */

/* Begin PBXResourcesBuildPhase section */
		B45B529124D9402500D02F45 /* Resources */ = {
			isa = PBXResourcesBuildPhase;
			buildActionMask = 2147483647;
			files = (
				B45B52A324D9402600D02F45 /* LaunchScreen.storyboard in Resources */,
				B45B52A024D9402600D02F45 /* Assets.xcassets in Resources */,
				B45B529E24D9402500D02F45 /* Main.storyboard in Resources */,
			);
			runOnlyForDeploymentPostprocessing = 0;
		};
/* End PBXResourcesBuildPhase section */

/* Begin PBXShellScriptBuildPhase section */
		1919225CD0B007A440629E5D /* [CP] Embed Pods Frameworks */ = {
			isa = PBXShellScriptBuildPhase;
			buildActionMask = 2147483647;
			files = (
			);
			inputFileListPaths = (
				"${PODS_ROOT}/Target Support Files/Pods-FirebaseClass/Pods-FirebaseClass-frameworks-${CONFIGURATION}-input-files.xcfilelist",
			);
			name = "[CP] Embed Pods Frameworks";
			outputFileListPaths = (
				"${PODS_ROOT}/Target Support Files/Pods-FirebaseClass/Pods-FirebaseClass-frameworks-${CONFIGURATION}-output-files.xcfilelist",
			);
			runOnlyForDeploymentPostprocessing = 0;
			shellPath = /bin/sh;
			shellScript = "\"${PODS_ROOT}/Target Support Files/Pods-FirebaseClass/Pods-FirebaseClass-frameworks.sh\"\n";
			showEnvVarsInLog = 0;
		};
		3F8A024EA34AEA492CE822D6 /* [CP] Check Pods Manifest.lock */ = {
			isa = PBXShellScriptBuildPhase;
			buildActionMask = 2147483647;
			files = (
			);
			inputFileListPaths = (
			);
			inputPaths = (
				"${PODS_PODFILE_DIR_PATH}/Podfile.lock",
				"${PODS_ROOT}/Manifest.lock",
			);
			name = "[CP] Check Pods Manifest.lock";
			outputFileListPaths = (
			);
			outputPaths = (
				"$(DERIVED_FILE_DIR)/Pods-FirebaseClass-checkManifestLockResult.txt",
			);
			runOnlyForDeploymentPostprocessing = 0;
			shellPath = /bin/sh;
			shellScript = "diff \"${PODS_PODFILE_DIR_PATH}/Podfile.lock\" \"${PODS_ROOT}/Manifest.lock\" > /dev/null\nif [ $? != 0 ] ; then\n    # print error to STDERR\n    echo \"error: The sandbox is not in sync with the Podfile.lock. Run 'pod install' or update your CocoaPods installation.\" >&2\n    exit 1\nfi\n# This output is used by Xcode 'outputs' to avoid re-running this script phase.\necho \"SUCCESS\" > \"${SCRIPT_OUTPUT_FILE_0}\"\n";
			showEnvVarsInLog = 0;
		};
/* End PBXShellScriptBuildPhase section */

/* Begin PBXSourcesBuildPhase section */
		B45B528F24D9402500D02F45 /* Sources */ = {
			isa = PBXSourcesBuildPhase;
			buildActionMask = 2147483647;
			files = (
				B45B529B24D9402500D02F45 /* ViewController.swift in Sources */,
				B45B529724D9402500D02F45 /* AppDelegate.swift in Sources */,
				B45B529924D9402500D02F45 /* SceneDelegate.swift in Sources */,
			);
			runOnlyForDeploymentPostprocessing = 0;
		};
/* End PBXSourcesBuildPhase section */

/* Begin PBXVariantGroup section */
		B45B529C24D9402500D02F45 /* Main.storyboard */ = {
			isa = PBXVariantGroup;
			children = (
				B45B529D24D9402500D02F45 /* Base */,
			);
			name = Main.storyboard;
			sourceTree = "<group>";
		};
		B45B52A124D9402600D02F45 /* LaunchScreen.storyboard */ = {
			isa = PBXVariantGroup;
			children = (
				B45B52A224D9402600D02F45 /* Base */,
			);
			name = LaunchScreen.storyboard;
			sourceTree = "<group>";
		};
/* End PBXVariantGroup section */

/* Begin XCBuildConfiguration section */
		B45B52A524D9402600D02F45 /* Debug */ = {
			isa = XCBuildConfiguration;
			buildSettings = {
				ALWAYS_SEARCH_USER_PATHS = NO;
				CLANG_ANALYZER_NONNULL = YES;
				CLANG_ANALYZER_NUMBER_OBJECT_CONVERSION = YES_AGGRESSIVE;
				CLANG_CXX_LANGUAGE_STANDARD = "gnu++14";
				CLANG_CXX_LIBRARY = "libc++";
				CLANG_ENABLE_MODULES = YES;
				CLANG_ENABLE_OBJC_ARC = YES;
				CLANG_ENABLE_OBJC_WEAK = YES;
				CLANG_WARN_BLOCK_CAPTURE_AUTORELEASING = YES;
				CLANG_WARN_BOOL_CONVERSION = YES;
				CLANG_WARN_COMMA = YES;
				CLANG_WARN_CONSTANT_CONVERSION = YES;
				CLANG_WARN_DEPRECATED_OBJC_IMPLEMENTATIONS = YES;
				CLANG_WARN_DIRECT_OBJC_ISA_USAGE = YES_ERROR;
				CLANG_WARN_DOCUMENTATION_COMMENTS = YES;
				CLANG_WARN_EMPTY_BODY = YES;
				CLANG_WARN_ENUM_CONVERSION = YES;
				CLANG_WARN_INFINITE_RECURSION = YES;
				CLANG_WARN_INT_CONVERSION = YES;
				CLANG_WARN_NON_LITERAL_NULL_CONVERSION = YES;
				CLANG_WARN_OBJC_IMPLICIT_RETAIN_SELF = YES;
				CLANG_WARN_OBJC_LITERAL_CONVERSION = YES;
				CLANG_WARN_OBJC_ROOT_CLASS = YES_ERROR;
				CLANG_WARN_RANGE_LOOP_ANALYSIS = YES;
				CLANG_WARN_STRICT_PROTOTYPES = YES;
				CLANG_WARN_SUSPICIOUS_MOVE = YES;
				CLANG_WARN_UNGUARDED_AVAILABILITY = YES_AGGRESSIVE;
				CLANG_WARN_UNREACHABLE_CODE = YES;
				CLANG_WARN__DUPLICATE_METHOD_MATCH = YES;
				COPY_PHASE_STRIP = NO;
				DEBUG_INFORMATION_FORMAT = dwarf;
				ENABLE_STRICT_OBJC_MSGSEND = YES;
				ENABLE_TESTABILITY = YES;
				GCC_C_LANGUAGE_STANDARD = gnu11;
				GCC_DYNAMIC_NO_PIC = NO;
				GCC_NO_COMMON_BLOCKS = YES;
				GCC_OPTIMIZATION_LEVEL = 0;
				GCC_PREPROCESSOR_DEFINITIONS = (
					"DEBUG=1",
					"$(inherited)",
				);
				GCC_WARN_64_TO_32_BIT_CONVERSION = YES;
				GCC_WARN_ABOUT_RETURN_TYPE = YES_ERROR;
				GCC_WARN_UNDECLARED_SELECTOR = YES;
				GCC_WARN_UNINITIALIZED_AUTOS = YES_AGGRESSIVE;
				GCC_WARN_UNUSED_FUNCTION = YES;
				GCC_WARN_UNUSED_VARIABLE = YES;
				IPHONEOS_DEPLOYMENT_TARGET = 13.5;
				MTL_ENABLE_DEBUG_INFO = INCLUDE_SOURCE;
				MTL_FAST_MATH = YES;
				ONLY_ACTIVE_ARCH = YES;
				SDKROOT = iphoneos;
				SWIFT_ACTIVE_COMPILATION_CONDITIONS = DEBUG;
				SWIFT_OPTIMIZATION_LEVEL = "-Onone";
			};
			name = Debug;
		};
		B45B52A624D9402600D02F45 /* Release */ = {
			isa = XCBuildConfiguration;
			buildSettings = {
				ALWAYS_SEARCH_USER_PATHS = NO;
				CLANG_ANALYZER_NONNULL = YES;
				CLANG_ANALYZER_NUMBER_OBJECT_CONVERSION = YES_AGGRESSIVE;
				CLANG_CXX_LANGUAGE_STANDARD = "gnu++14";
				CLANG_CXX_LIBRARY = "libc++";
				CLANG_ENABLE_MODULES = YES;
				CLANG_ENABLE_OBJC_ARC = YES;
				CLANG_ENABLE_OBJC_WEAK = YES;
				CLANG_WARN_BLOCK_CAPTURE_AUTORELEASING = YES;
				CLANG_WARN_BOOL_CONVERSION = YES;
				CLANG_WARN_COMMA = YES;
				CLANG_WARN_CONSTANT_CONVERSION = YES;
				CLANG_WARN_DEPRECATED_OBJC_IMPLEMENTATIONS = YES;
				CLANG_WARN_DIRECT_OBJC_ISA_USAGE = YES_ERROR;
				CLANG_WARN_DOCUMENTATION_COMMENTS = YES;
				CLANG_WARN_EMPTY_BODY = YES;
				CLANG_WARN_ENUM_CONVERSION = YES;
				CLANG_WARN_INFINITE_RECURSION = YES;
				CLANG_WARN_INT_CONVERSION = YES;
				CLANG_WARN_NON_LITERAL_NULL_CONVERSION = YES;
				CLANG_WARN_OBJC_IMPLICIT_RETAIN_SELF = YES;
				CLANG_WARN_OBJC_LITERAL_CONVERSION = YES;
				CLANG_WARN_OBJC_ROOT_CLASS = YES_ERROR;
				CLANG_WARN_RANGE_LOOP_ANALYSIS = YES;
				CLANG_WARN_STRICT_PROTOTYPES = YES;
				CLANG_WARN_SUSPICIOUS_MOVE = YES;
				CLANG_WARN_UNGUARDED_AVAILABILITY = YES_AGGRESSIVE;
				CLANG_WARN_UNREACHABLE_CODE = YES;
				CLANG_WARN__DUPLICATE_METHOD_MATCH = YES;
				COPY_PHASE_STRIP = NO;
				DEBUG_INFORMATION_FORMAT = "dwarf-with-dsym";
				ENABLE_NS_ASSERTIONS = NO;
				ENABLE_STRICT_OBJC_MSGSEND = YES;
				GCC_C_LANGUAGE_STANDARD = gnu11;
				GCC_NO_COMMON_BLOCKS = YES;
				GCC_WARN_64_TO_32_BIT_CONVERSION = YES;
				GCC_WARN_ABOUT_RETURN_TYPE = YES_ERROR;
				GCC_WARN_UNDECLARED_SELECTOR = YES;
				GCC_WARN_UNINITIALIZED_AUTOS = YES_AGGRESSIVE;
				GCC_WARN_UNUSED_FUNCTION = YES;
				GCC_WARN_UNUSED_VARIABLE = YES;
				IPHONEOS_DEPLOYMENT_TARGET = 13.5;
				MTL_ENABLE_DEBUG_INFO = NO;
				MTL_FAST_MATH = YES;
				SDKROOT = iphoneos;
				SWIFT_COMPILATION_MODE = wholemodule;
				SWIFT_OPTIMIZATION_LEVEL = "-O";
				VALIDATE_PRODUCT = YES;
			};
			name = Release;
		};
		B45B52A824D9402600D02F45 /* Debug */ = {
			isa = XCBuildConfiguration;
			baseConfigurationReference = 910E466343FB509933014F44 /* Pods-FirebaseClass.debug.xcconfig */;
			buildSettings = {
				ASSETCATALOG_COMPILER_APPICON_NAME = AppIcon;
				CODE_SIGN_STYLE = Automatic;
				DEVELOPMENT_TEAM = F4M448V7PP;
				INFOPLIST_FILE = FirebaseClass/Info.plist;
				LD_RUNPATH_SEARCH_PATHS = (
					"$(inherited)",
					"@executable_path/Frameworks",
				);
				PRODUCT_BUNDLE_IDENTIFIER = DEAUX.FirebaseClass;
				PRODUCT_NAME = "$(TARGET_NAME)";
				SWIFT_VERSION = 5.0;
				TARGETED_DEVICE_FAMILY = "1,2";
			};
			name = Debug;
		};
		B45B52A924D9402600D02F45 /* Release */ = {
			isa = XCBuildConfiguration;
			baseConfigurationReference = 3B1704DBF32F9D9F13C5DFF6 /* Pods-FirebaseClass.release.xcconfig */;
			buildSettings = {
				ASSETCATALOG_COMPILER_APPICON_NAME = AppIcon;
				CODE_SIGN_STYLE = Automatic;
				DEVELOPMENT_TEAM = F4M448V7PP;
				INFOPLIST_FILE = FirebaseClass/Info.plist;
				LD_RUNPATH_SEARCH_PATHS = (
					"$(inherited)",
					"@executable_path/Frameworks",
				);
				PRODUCT_BUNDLE_IDENTIFIER = DEAUX.FirebaseClass;
				PRODUCT_NAME = "$(TARGET_NAME)";
				SWIFT_VERSION = 5.0;
				TARGETED_DEVICE_FAMILY = "1,2";
			};
			name = Release;
		};
/* End XCBuildConfiguration section */

/* Begin XCConfigurationList section */
		B45B528E24D9402500D02F45 /* Build configuration list for PBXProject "FirebaseClass" */ = {
			isa = XCConfigurationList;
			buildConfigurations = (
				B45B52A524D9402600D02F45 /* Debug */,
				B45B52A624D9402600D02F45 /* Release */,
			);
			defaultConfigurationIsVisible = 0;
			defaultConfigurationName = Release;
		};
		B45B52A724D9402600D02F45 /* Build configuration list for PBXNativeTarget "FirebaseClass" */ = {
			isa = XCConfigurationList;
			buildConfigurations = (
				B45B52A824D9402600D02F45 /* Debug */,
				B45B52A924D9402600D02F45 /* Release */,
			);
			defaultConfigurationIsVisible = 0;
			defaultConfigurationName = Release;
		};
/* End XCConfigurationList section */
	};
	rootObject = B45B528B24D9402500D02F45 /* Project object */;
}
